{
  "name": "go-stations",
  "version": "1.0.0",
  "lockfileVersion": 3,
  "requires": true,
  "packages": {
    "": {
      "name": "go-stations",
      "version": "1.0.0",
      "hasInstallScript": true,
      "license": "MIT",
      "dependencies": {
        "@techtrain/cli-railway": "0.1.3"
      },
      "devDependencies": {
        "simple-git-hooks": "^2.5.1"
      }
    },
    "node_modules/@techtrain/cli-railway": {
      "version": "0.1.3",
      "resolved": "https://registry.npmjs.org/@techtrain/cli-railway/-/cli-railway-0.1.3.tgz",
      "integrity": "sha512-k+z93v7bLFEh0HXmz130Fkuh+TCuU4Q0vw5FacAPT8XHHftp15xgDfltZOm8Yw/x16zIpjXsDxzZNGj6C6d8iA==",
      "license": "SEE LICENSE IN LICENSE.md",
      "bin": {
        "techtrain-railway": "bin/techtrain-railway"
      }
    },
    "node_modules/simple-git-hooks": {
      "version": "2.5.1",
      "resolved": "https://registry.npmjs.org/simple-git-hooks/-/simple-git-hooks-2.5.1.tgz",
      "integrity": "sha512-iI/MEEVObv45slsxz+BT+5NCS2UDgVIqfQKmNjL4/XnEfacpdYAHd71Imc5Nw/FY100A+i1PIXdIdkLHYcC2Bg==",
      "dev": true,
      "hasInstallScript": true,
      "license": "MIT",
      "bin": {
        "simple-git-hooks": "cli.js"
      }
    }
  }
}
