# THIS IS AN AUTOGENERATED FILE. DO NOT EDIT THIS FILE DIRECTLY.
# yarn lockfile v1


"@techtrain/cli-railway@0.1.1":
  version "0.1.1"
  resolved "https://registry.yarnpkg.com/@techtrain/cli-railway/-/cli-railway-0.1.1.tgz#6a121a1b47cc4c2725bacdbda7aa9dabe2b2c13d"
  integrity sha512-x3ZckGFEzP0xlp5BJD/epmYM2Lp5z3R+2tIO+EBo3nfsxVhm5GvGQcqqSjhLv+Va2biFVPhK+uvnYMOoxWR3KA==

simple-git-hooks@^2.5.1:
  version "2.5.1"
  resolved "https://registry.yarnpkg.com/simple-git-hooks/-/simple-git-hooks-2.5.1.tgz#78ed9cfa552843bc45cd36ad5b7424567119c2f4"
  integrity sha512-iI/MEEVObv45slsxz+BT+5NCS2UDgVIqfQKmNjL4/XnEfacpdYAHd71Imc5Nw/FY100A+i1PIXdIdkLHYcC2Bg==
