# THIS IS AN AUTOGENERATED FILE. DO NOT EDIT THIS FILE DIRECTLY.
# yarn lockfile v1


"@techtrain/cli-railway@^0.1.0":
  version "0.1.0"
  resolved "https://registry.yarnpkg.com/@techtrain/cli-railway/-/cli-railway-0.1.0.tgz#4eae09c0efccf131c43aec2dcbdbc548850cfc8e"
  integrity sha512-7Mpyl8kuFbc1Rt1LESBEO1EfGPs5IaIbj72IT2y4KWZuDZiOIhfIABChWSsHY170CGKy/FgR0bhOSH1YrncrdQ==

simple-git-hooks@^2.5.1:
  version "2.5.1"
  resolved "https://registry.yarnpkg.com/simple-git-hooks/-/simple-git-hooks-2.5.1.tgz#78ed9cfa552843bc45cd36ad5b7424567119c2f4"
  integrity sha512-iI/MEEVObv45slsxz+BT+5NCS2UDgVIqfQKmNjL4/XnEfacpdYAHd71Imc5Nw/FY100A+i1PIXdIdkLHYcC2Bg==
