# THIS IS AN AUTOGENERATED FILE. DO NOT EDIT THIS FILE DIRECTLY.
# yarn lockfile v1


"@techtrain/cli-railway@0.1.3":
  version "0.1.3"
  resolved "https://registry.yarnpkg.com/@techtrain/cli-railway/-/cli-railway-0.1.3.tgz#ca6151f0cbe4ba163ae1373bcc43c71cc13da0bf"
  integrity sha512-k+z93v7bLFEh0HXmz130Fkuh+TCuU4Q0vw5FacAPT8XHHftp15xgDfltZOm8Yw/x16zIpjXsDxzZNGj6C6d8iA==

simple-git-hooks@^2.5.1:
  version "2.5.1"
  resolved "https://registry.yarnpkg.com/simple-git-hooks/-/simple-git-hooks-2.5.1.tgz#78ed9cfa552843bc45cd36ad5b7424567119c2f4"
  integrity sha512-iI/MEEVObv45slsxz+BT+5NCS2UDgVIqfQKmNjL4/XnEfacpdYAHd71Imc5Nw/FY100A+i1PIXdIdkLHYcC2Bg==
